// !$*UTF8*$!
{
	archiveVersion = 1;
	classes = {
	};
	objectVersion = 50;
	objects = {

/* Begin PBXAggregateTarget section */
		3F96C75E25DB4D1A002FFA05 /* All Plugins */ = {
			isa = PBXAggregateTarget;
			buildConfigurationList = 3F96C75F25DB4D1A002FFA05 /* Build configuration list for PBXAggregateTarget "All Plugins" */;
			buildPhases = (
				3F96C76425DB4D2E002FFA05 /* InstallerSections.plist */,
			);
			dependencies = (
				3F96C76325DB4D20002FFA05 /* PBXTargetDependency */,
				3F96C77325DB5176002FFA05 /* PBXTargetDependency */,
			);
			name = "All Plugins";
			productName = "All Plugins";
		};
/* End PBXAggregateTarget section */

/* Begin PBXBuildFile section */
		3F26EE5225DAF48A00C92BD2 /* XQuartzPreInstallationPluginPane.m in Sources */ = {isa = PBXBuildFile; fileRef = 3F26EE5125DAF48A00C92BD2 /* XQuartzPreInstallationPluginPane.m */; };
		3F26EE5525DAF48A00C92BD2 /* XQuartzPreInstallationPluginPane.xib in Resources */ = {isa = PBXBuildFile; fileRef = 3F26EE5325DAF48A00C92BD2 /* XQuartzPreInstallationPluginPane.xib */; };
		3F26EE5825DAF48A00C92BD2 /* Localizable.strings in Resources */ = {isa = PBXBuildFile; fileRef = 3F26EE5625DAF48A00C92BD2 /* Localizable.strings */; };
		3F26EE5E25DAF48A00C92BD2 /* InfoPlist.strings in Resources */ = {isa = PBXBuildFile; fileRef = 3F26EE5C25DAF48A00C92BD2 /* InfoPlist.strings */; };
		3F96C76525DB4D34002FFA05 /* InstallerSections.plist in InstallerSections.plist */ = {isa = PBXBuildFile; fileRef = 3F26EE5925DAF48A00C92BD2 /* InstallerSections.plist */; };
		3F96C77E25DB522A002FFA05 /* Localizable.strings in Resources */ = {isa = PBXBuildFile; fileRef = 3F96C77525DB522A002FFA05 /* Localizable.strings */; };
		3F96C77F25DB522A002FFA05 /* InfoPlist.strings in Resources */ = {isa = PBXBuildFile; fileRef = 3F96C77725DB522A002FFA05 /* InfoPlist.strings */; };
		3F96C78025DB522A002FFA05 /* XQuartzPostInstallationPluginPane.m in Sources */ = {isa = PBXBuildFile; fileRef = 3F96C77925DB522A002FFA05 /* XQuartzPostInstallationPluginPane.m */; };
		3F96C78125DB522A002FFA05 /* XQuartzPostInstallationPluginPane.xib in Resources */ = {isa = PBXBuildFile; fileRef = 3F96C77A25DB522A002FFA05 /* XQuartzPostInstallationPluginPane.xib */; };
/* End PBXBuildFile section */

/* Begin PBXContainerItemProxy section */
		3F96C76225DB4D20002FFA05 /* PBXContainerItemProxy */ = {
			isa = PBXContainerItemProxy;
			containerPortal = 3F26EE4525DAF48A00C92BD2 /* Project object */;
			proxyType = 1;
			remoteGlobalIDString = 3F26EE4C25DAF48A00C92BD2;
			remoteInfo = XQuartzInstallerPlugin;
		};
		3F96C77225DB5176002FFA05 /* PBXContainerItemProxy */ = {
			isa = PBXContainerItemProxy;
			containerPortal = 3F26EE4525DAF48A00C92BD2 /* Project object */;
			proxyType = 1;
			remoteGlobalIDString = 3F96C76625DB515F002FFA05;
			remoteInfo = XQuartzPostInstallationPlugin;
		};
/* End PBXContainerItemProxy section */

/* Begin PBXCopyFilesBuildPhase section */
		3F96C76425DB4D2E002FFA05 /* InstallerSections.plist */ = {
			isa = PBXCopyFilesBuildPhase;
			buildActionMask = 8;
			dstPath = /;
			dstSubfolderSpec = 0;
			files = (
				3F96C76525DB4D34002FFA05 /* InstallerSections.plist in InstallerSections.plist */,
			);
			name = InstallerSections.plist;
			runOnlyForDeploymentPostprocessing = 1;
		};
/* End PBXCopyFilesBuildPhase section */

/* Begin PBXFileReference section */
		3F26EE4D25DAF48A00C92BD2 /* XQuartzPreInstallationPlugin.bundle */ = {isa = PBXFileReference; explicitFileType = wrapper.cfbundle; includeInIndex = 0; path = XQuartzPreInstallationPlugin.bundle; sourceTree = BUILT_PRODUCTS_DIR; };
		3F26EE5025DAF48A00C92BD2 /* XQuartzPreInstallationPluginPane.h */ = {isa = PBXFileReference; lastKnownFileType = sourcecode.c.h; path = XQuartzPreInstallationPluginPane.h; sourceTree = "<group>"; };
		3F26EE5125DAF48A00C92BD2 /* XQuartzPreInstallationPluginPane.m */ = {isa = PBXFileReference; lastKnownFileType = sourcecode.c.objc; path = XQuartzPreInstallationPluginPane.m; sourceTree = "<group>"; };
		3F26EE5425DAF48A00C92BD2 /* Base */ = {isa = PBXFileReference; lastKnownFileType = file.xib; name = Base; path = Base.lproj/XQuartzPreInstallationPluginPane.xib; sourceTree = "<group>"; };
		3F26EE5725DAF48A00C92BD2 /* en */ = {isa = PBXFileReference; lastKnownFileType = text.plist.strings; name = en; path = en.lproj/Localizable.strings; sourceTree = "<group>"; };
		3F26EE5925DAF48A00C92BD2 /* InstallerSections.plist */ = {isa = PBXFileReference; lastKnownFileType = text.plist.xml; path = InstallerSections.plist; sourceTree = "<group>"; };
		3F26EE5B25DAF48A00C92BD2 /* Info.plist */ = {isa = PBXFileReference; lastKnownFileType = text.plist.xml; path = Info.plist; sourceTree = "<group>"; };
		3F26EE5D25DAF48A00C92BD2 /* en */ = {isa = PBXFileReference; lastKnownFileType = text.plist.strings; name = en; path = en.lproj/InfoPlist.strings; sourceTree = "<group>"; };
		3F26EE6525DAFC5B00C92BD2 /* common.xcconfig */ = {isa = PBXFileReference; lastKnownFileType = text.xcconfig; path = common.xcconfig; sourceTree = "<group>"; };
		3F26EE6625DAFC5B00C92BD2 /* InstallerPlugin.xcconfig */ = {isa = PBXFileReference; lastKnownFileType = text.xcconfig; path = InstallerPlugin.xcconfig; sourceTree = "<group>"; };
		3F96C77125DB515F002FFA05 /* XQuartzPostInstallationPlugin.bundle */ = {isa = PBXFileReference; explicitFileType = wrapper.cfbundle; includeInIndex = 0; path = XQuartzPostInstallationPlugin.bundle; sourceTree = BUILT_PRODUCTS_DIR; };
		3F96C77625DB522A002FFA05 /* en */ = {isa = PBXFileReference; lastKnownFileType = text.plist.strings; name = en; path = en.lproj/Localizable.strings; sourceTree = "<group>"; };
		3F96C77825DB522A002FFA05 /* en */ = {isa = PBXFileReference; lastKnownFileType = text.plist.strings; name = en; path = en.lproj/InfoPlist.strings; sourceTree = "<group>"; };
		3F96C77925DB522A002FFA05 /* XQuartzPostInstallationPluginPane.m */ = {isa = PBXFileReference; fileEncoding = 4; lastKnownFileType = sourcecode.c.objc; path = XQuartzPostInstallationPluginPane.m; sourceTree = "<group>"; };
		3F96C77B25DB522A002FFA05 /* Base */ = {isa = PBXFileReference; lastKnownFileType = file.xib; name = Base; path = Base.lproj/XQuartzPostInstallationPluginPane.xib; sourceTree = "<group>"; };
		3F96C77C25DB522A002FFA05 /* XQuartzPostInstallationPluginPane.h */ = {isa = PBXFileReference; fileEncoding = 4; lastKnownFileType = sourcecode.c.h; path = XQuartzPostInstallationPluginPane.h; sourceTree = "<group>"; };
		3F96C77D25DB522A002FFA05 /* Info.plist */ = {isa = PBXFileReference; fileEncoding = 4; lastKnownFileType = text.plist.xml; path = Info.plist; sourceTree = "<group>"; };
/* End PBXFileReference section */

/* Begin PBXFrameworksBuildPhase section */
		3F26EE4A25DAF48A00C92BD2 /* Frameworks */ = {
			isa = PBXFrameworksBuildPhase;
			buildActionMask = 2147483647;
			files = (
			);
			runOnlyForDeploymentPostprocessing = 0;
		};
		3F96C76925DB515F002FFA05 /* Frameworks */ = {
			isa = PBXFrameworksBuildPhase;
			buildActionMask = 2147483647;
			files = (
			);
			runOnlyForDeploymentPostprocessing = 0;
		};
/* End PBXFrameworksBuildPhase section */

/* Begin PBXGroup section */
		3F26EE4425DAF48A00C92BD2 = {
			isa = PBXGroup;
			children = (
				3F26EE5925DAF48A00C92BD2 /* InstallerSections.plist */,
				3F26EE4F25DAF48A00C92BD2 /* XQuartzPreInstallationPlugin */,
				3F96C77425DB522A002FFA05 /* XQuartzPostInstallationPlugin */,
				3F26EE6425DAFC5B00C92BD2 /* xcconfig */,
				3F26EE4E25DAF48A00C92BD2 /* Products */,
			);
			sourceTree = "<group>";
		};
		3F26EE4E25DAF48A00C92BD2 /* Products */ = {
			isa = PBXGroup;
			children = (
				3F26EE4D25DAF48A00C92BD2 /* XQuartzPreInstallationPlugin.bundle */,
				3F96C77125DB515F002FFA05 /* XQuartzPostInstallationPlugin.bundle */,
			);
			name = Products;
			sourceTree = "<group>";
		};
		3F26EE4F25DAF48A00C92BD2 /* XQuartzPreInstallationPlugin */ = {
			isa = PBXGroup;
			children = (
				3F26EE5025DAF48A00C92BD2 /* XQuartzPreInstallationPluginPane.h */,
				3F26EE5125DAF48A00C92BD2 /* XQuartzPreInstallationPluginPane.m */,
				3F26EE5325DAF48A00C92BD2 /* XQuartzPreInstallationPluginPane.xib */,
				3F26EE5625DAF48A00C92BD2 /* Localizable.strings */,
				3F26EE5B25DAF48A00C92BD2 /* Info.plist */,
				3F26EE5C25DAF48A00C92BD2 /* InfoPlist.strings */,
			);
			path = XQuartzPreInstallationPlugin;
			sourceTree = "<group>";
		};
		3F26EE6425DAFC5B00C92BD2 /* xcconfig */ = {
			isa = PBXGroup;
			children = (
				3F26EE6525DAFC5B00C92BD2 /* common.xcconfig */,
				3F26EE6625DAFC5B00C92BD2 /* InstallerPlugin.xcconfig */,
			);
			path = xcconfig;
			sourceTree = "<group>";
		};
		3F96C77425DB522A002FFA05 /* XQuartzPostInstallationPlugin */ = {
			isa = PBXGroup;
			children = (
				3F96C77C25DB522A002FFA05 /* XQuartzPostInstallationPluginPane.h */,
				3F96C77925DB522A002FFA05 /* XQuartzPostInstallationPluginPane.m */,
				3F96C77A25DB522A002FFA05 /* XQuartzPostInstallationPluginPane.xib */,
				3F96C77525DB522A002FFA05 /* Localizable.strings */,
				3F96C77D25DB522A002FFA05 /* Info.plist */,
				3F96C77725DB522A002FFA05 /* InfoPlist.strings */,
			);
			path = XQuartzPostInstallationPlugin;
			sourceTree = "<group>";
		};
/* End PBXGroup section */

/* Begin PBXNativeTarget section */
		3F26EE4C25DAF48A00C92BD2 /* XQuartzPreInstallationPlugin */ = {
			isa = PBXNativeTarget;
			buildConfigurationList = 3F26EE6125DAF48A00C92BD2 /* Build configuration list for PBXNativeTarget "XQuartzPreInstallationPlugin" */;
			buildPhases = (
				3F26EE4925DAF48A00C92BD2 /* Sources */,
				3F26EE4A25DAF48A00C92BD2 /* Frameworks */,
				3F26EE4B25DAF48A00C92BD2 /* Resources */,
			);
			buildRules = (
			);
			dependencies = (
			);
			name = XQuartzPreInstallationPlugin;
			productName = XQuartzInstallerPlugin;
			productReference = 3F26EE4D25DAF48A00C92BD2 /* XQuartzPreInstallationPlugin.bundle */;
			productType = "com.apple.product-type.bundle";
		};
		3F96C76625DB515F002FFA05 /* XQuartzPostInstallationPlugin */ = {
			isa = PBXNativeTarget;
			buildConfigurationList = 3F96C76E25DB515F002FFA05 /* Build configuration list for PBXNativeTarget "XQuartzPostInstallationPlugin" */;
			buildPhases = (
				3F96C76725DB515F002FFA05 /* Sources */,
				3F96C76925DB515F002FFA05 /* Frameworks */,
				3F96C76A25DB515F002FFA05 /* Resources */,
			);
			buildRules = (
			);
			dependencies = (
			);
			name = XQuartzPostInstallationPlugin;
			productName = XQuartzInstallerPlugin;
			productReference = 3F96C77125DB515F002FFA05 /* XQuartzPostInstallationPlugin.bundle */;
			productType = "com.apple.product-type.bundle";
		};
/* End PBXNativeTarget section */

/* Begin PBXProject section */
		3F26EE4525DAF48A00C92BD2 /* Project object */ = {
			isa = PBXProject;
			attributes = {
				LastUpgradeCheck = 1250;
				TargetAttributes = {
					3F26EE4C25DAF48A00C92BD2 = {
						CreatedOnToolsVersion = 12.5;
					};
					3F96C75E25DB4D1A002FFA05 = {
						CreatedOnToolsVersion = 12.5;
					};
				};
			};
			buildConfigurationList = 3F26EE4825DAF48A00C92BD2 /* Build configuration list for PBXProject "XQuartzInstallerPlugins" */;
			compatibilityVersion = "Xcode 9.3";
			developmentRegion = en;
			hasScannedForEncodings = 0;
			knownRegions = (
				en,
				Base,
			);
			mainGroup = 3F26EE4425DAF48A00C92BD2;
			productRefGroup = 3F26EE4E25DAF48A00C92BD2 /* Products */;
			projectDirPath = "";
			projectRoot = "";
			targets = (
				3F96C75E25DB4D1A002FFA05 /* All Plugins */,
				3F26EE4C25DAF48A00C92BD2 /* XQuartzPreInstallationPlugin */,
				3F96C76625DB515F002FFA05 /* XQuartzPostInstallationPlugin */,
			);
		};
/* End PBXProject section */

/* Begin PBXResourcesBuildPhase section */
		3F26EE4B25DAF48A00C92BD2 /* Resources */ = {
			isa = PBXResourcesBuildPhase;
			buildActionMask = 2147483647;
			files = (
				3F26EE5525DAF48A00C92BD2 /* XQuartzPreInstallationPluginPane.xib in Resources */,
				3F26EE5E25DAF48A00C92BD2 /* InfoPlist.strings in Resources */,
				3F26EE5825DAF48A00C92BD2 /* Localizable.strings in Resources */,
			);
			runOnlyForDeploymentPostprocessing = 0;
		};
		3F96C76A25DB515F002FFA05 /* Resources */ = {
			isa = PBXResourcesBuildPhase;
			buildActionMask = 2147483647;
			files = (
				3F96C78125DB522A002FFA05 /* XQuartzPostInstallationPluginPane.xib in Resources */,
				3F96C77F25DB522A002FFA05 /* InfoPlist.strings in Resources */,
				3F96C77E25DB522A002FFA05 /* Localizable.strings in Resources */,
			);
			runOnlyForDeploymentPostprocessing = 0;
		};
/* End PBXResourcesBuildPhase section */

/* Begin PBXSourcesBuildPhase section */
		3F26EE4925DAF48A00C92BD2 /* Sources */ = {
			isa = PBXSourcesBuildPhase;
			buildActionMask = 2147483647;
			files = (
				3F26EE5225DAF48A00C92BD2 /* XQuartzPreInstallationPluginPane.m in Sources */,
			);
			runOnlyForDeploymentPostprocessing = 0;
		};
		3F96C76725DB515F002FFA05 /* Sources */ = {
			isa = PBXSourcesBuildPhase;
			buildActionMask = 2147483647;
			files = (
				3F96C78025DB522A002FFA05 /* XQuartzPostInstallationPluginPane.m in Sources */,
			);
			runOnlyForDeploymentPostprocessing = 0;
		};
/* End PBXSourcesBuildPhase section */

/* Begin PBXTargetDependency section */
		3F96C76325DB4D20002FFA05 /* PBXTargetDependency */ = {
			isa = PBXTargetDependency;
			target = 3F26EE4C25DAF48A00C92BD2 /* XQuartzPreInstallationPlugin */;
			targetProxy = 3F96C76225DB4D20002FFA05 /* PBXContainerItemProxy */;
		};
		3F96C77325DB5176002FFA05 /* PBXTargetDependency */ = {
			isa = PBXTargetDependency;
			target = 3F96C76625DB515F002FFA05 /* XQuartzPostInstallationPlugin */;
			targetProxy = 3F96C77225DB5176002FFA05 /* PBXContainerItemProxy */;
		};
/* End PBXTargetDependency section */

/* Begin PBXVariantGroup section */
		3F26EE5325DAF48A00C92BD2 /* XQuartzPreInstallationPluginPane.xib */ = {
			isa = PBXVariantGroup;
			children = (
				3F26EE5425DAF48A00C92BD2 /* Base */,
			);
			name = XQuartzPreInstallationPluginPane.xib;
			sourceTree = "<group>";
		};
		3F26EE5625DAF48A00C92BD2 /* Localizable.strings */ = {
			isa = PBXVariantGroup;
			children = (
				3F26EE5725DAF48A00C92BD2 /* en */,
			);
			name = Localizable.strings;
			sourceTree = "<group>";
		};
		3F26EE5C25DAF48A00C92BD2 /* InfoPlist.strings */ = {
			isa = PBXVariantGroup;
			children = (
				3F26EE5D25DAF48A00C92BD2 /* en */,
			);
			name = InfoPlist.strings;
			sourceTree = "<group>";
		};
		3F96C77525DB522A002FFA05 /* Localizable.strings */ = {
			isa = PBXVariantGroup;
			children = (
				3F96C77625DB522A002FFA05 /* en */,
			);
			name = Localizable.strings;
			sourceTree = "<group>";
		};
		3F96C77725DB522A002FFA05 /* InfoPlist.strings */ = {
			isa = PBXVariantGroup;
			children = (
				3F96C77825DB522A002FFA05 /* en */,
			);
			name = InfoPlist.strings;
			sourceTree = "<group>";
		};
		3F96C77A25DB522A002FFA05 /* XQuartzPostInstallationPluginPane.xib */ = {
			isa = PBXVariantGroup;
			children = (
				3F96C77B25DB522A002FFA05 /* Base */,
			);
			name = XQuartzPostInstallationPluginPane.xib;
			sourceTree = "<group>";
		};
/* End PBXVariantGroup section */

/* Begin XCBuildConfiguration section */
		3F26EE5F25DAF48A00C92BD2 /* Debug */ = {
			isa = XCBuildConfiguration;
			baseConfigurationReference = 3F26EE6525DAFC5B00C92BD2 /* common.xcconfig */;
			buildSettings = {
			};
			name = Debug;
		};
		3F26EE6025DAF48A00C92BD2 /* Release */ = {
			isa = XCBuildConfiguration;
			baseConfigurationReference = 3F26EE6525DAFC5B00C92BD2 /* common.xcconfig */;
			buildSettings = {
			};
			name = Release;
		};
		3F26EE6225DAF48A00C92BD2 /* Debug */ = {
			isa = XCBuildConfiguration;
			baseConfigurationReference = 3F26EE6625DAFC5B00C92BD2 /* InstallerPlugin.xcconfig */;
			buildSettings = {
			};
			name = Debug;
		};
		3F26EE6325DAF48A00C92BD2 /* Release */ = {
			isa = XCBuildConfiguration;
			baseConfigurationReference = 3F26EE6625DAFC5B00C92BD2 /* InstallerPlugin.xcconfig */;
			buildSettings = {
			};
			name = Release;
		};
		3F96C76025DB4D1A002FFA05 /* Debug */ = {
			isa = XCBuildConfiguration;
			buildSettings = {
				CODE_SIGN_STYLE = Automatic;
				DEVELOPMENT_TEAM = NA574AWV7E;
				PRODUCT_NAME = "$(TARGET_NAME)";
			};
			name = Debug;
		};
		3F96C76125DB4D1A002FFA05 /* Release */ = {
			isa = XCBuildConfiguration;
			buildSettings = {
				CODE_SIGN_STYLE = Automatic;
				DEVELOPMENT_TEAM = NA574AWV7E;
				PRODUCT_NAME = "$(TARGET_NAME)";
			};
			name = Release;
		};
		3F96C76F25DB515F002FFA05 /* Debug */ = {
			isa = XCBuildConfiguration;
			baseConfigurationReference = 3F26EE6625DAFC5B00C92BD2 /* InstallerPlugin.xcconfig */;
			buildSettings = {
			};
			name = Debug;
		};
		3F96C77025DB515F002FFA05 /* Release */ = {
			isa = XCBuildConfiguration;
			baseConfigurationReference = 3F26EE6625DAFC5B00C92BD2 /* InstallerPlugin.xcconfig */;
			buildSettings = {
			};
			name = Release;
		};
/* End XCBuildConfiguration section */

/* Begin XCConfigurationList section */
		3F26EE4825DAF48A00C92BD2 /* Build configuration list for PBXProject "XQuartzInstallerPlugins" */ = {
			isa = XCConfigurationList;
			buildConfigurations = (
				3F26EE5F25DAF48A00C92BD2 /* Debug */,
				3F26EE6025DAF48A00C92BD2 /* Release */,
			);
			defaultConfigurationIsVisible = 0;
			defaultConfigurationName = Release;
		};
		3F26EE6125DAF48A00C92BD2 /* Build configuration list for PBXNativeTarget "XQuartzPreInstallationPlugin" */ = {
			isa = XCConfigurationList;
			buildConfigurations = (
				3F26EE6225DAF48A00C92BD2 /* Debug */,
				3F26EE6325DAF48A00C92BD2 /* Release */,
			);
			defaultConfigurationIsVisible = 0;
			defaultConfigurationName = Release;
		};
		3F96C75F25DB4D1A002FFA05 /* Build configuration list for PBXAggregateTarget "All Plugins" */ = {
			isa = XCConfigurationList;
			buildConfigurations = (
				3F96C76025DB4D1A002FFA05 /* Debug */,
				3F96C76125DB4D1A002FFA05 /* Release */,
			);
			defaultConfigurationIsVisible = 0;
			defaultConfigurationName = Release;
		};
		3F96C76E25DB515F002FFA05 /* Build configuration list for PBXNativeTarget "XQuartzPostInstallationPlugin" */ = {
			isa = XCConfigurationList;
			buildConfigurations = (
				3F96C76F25DB515F002FFA05 /* Debug */,
				3F96C77025DB515F002FFA05 /* Release */,
			);
			defaultConfigurationIsVisible = 0;
			defaultConfigurationName = Release;
		};
/* End XCConfigurationList section */
	};
	rootObject = 3F26EE4525DAF48A00C92BD2 /* Project object */;
}
